// !$*UTF8*$!
{
	archiveVersion = 1;
	classes = {
	};
	objectVersion = 46;
	objects = {

/* Begin PBXBuildFile section */
		107C50DA1E85C03700FB85C0 /* View_Main.swift in Sources */ = {isa = PBXBuildFile; fileRef = 107C50D91E85C03700FB85C0 /* View_Main.swift */; };
		5D89AAA7F7218E11BDB564EA /* Pods_ITrip.framework in Frameworks */ = {isa = PBXBuildFile; fileRef = EC1DD4578826C93A9A4902BF /* Pods_ITrip.framework */; };
		EFE5461F1E85C54F00A7B7B6 /* AppDelegate.swift in Sources */ = {isa = PBXBuildFile; fileRef = EFE5461E1E85C54F00A7B7B6 /* AppDelegate.swift */; };
		EFE546211E85C54F00A7B7B6 /* Controller_Main.swift in Sources */ = {isa = PBXBuildFile; fileRef = EFE546201E85C54F00A7B7B6 /* Controller_Main.swift */; };
		EFE546261E85C54F00A7B7B6 /* Assets.xcassets in Resources */ = {isa = PBXBuildFile; fileRef = EFE546251E85C54F00A7B7B6 /* Assets.xcassets */; };
		EFE546291E85C54F00A7B7B6 /* LaunchScreen.storyboard in Resources */ = {isa = PBXBuildFile; fileRef = EFE546271E85C54F00A7B7B6 /* LaunchScreen.storyboard */; };
		EFE546341E85C54F00A7B7B6 /* ITripTests.swift in Sources */ = {isa = PBXBuildFile; fileRef = EFE546331E85C54F00A7B7B6 /* ITripTests.swift */; };
		EFE5463F1E85C54F00A7B7B6 /* ITripUITests.swift in Sources */ = {isa = PBXBuildFile; fileRef = EFE5463E1E85C54F00A7B7B6 /* ITripUITests.swift */; };
		EFE5464E1E85CA6E00A7B7B6 /* View_PlaceDetail.swift in Sources */ = {isa = PBXBuildFile; fileRef = EFE5464D1E85CA6E00A7B7B6 /* View_PlaceDetail.swift */; };
		EFE546501E85CA7F00A7B7B6 /* Controller_PlaceDetail.swift in Sources */ = {isa = PBXBuildFile; fileRef = EFE5464F1E85CA7F00A7B7B6 /* Controller_PlaceDetail.swift */; };
/* End PBXBuildFile section */

/* Begin PBXContainerItemProxy section */
		EFE546301E85C54F00A7B7B6 /* PBXContainerItemProxy */ = {
			isa = PBXContainerItemProxy;
			containerPortal = EFE546131E85C54F00A7B7B6 /* Project object */;
			proxyType = 1;
			remoteGlobalIDString = EFE5461A1E85C54F00A7B7B6;
			remoteInfo = ITrip;
		};
		EFE5463B1E85C54F00A7B7B6 /* PBXContainerItemProxy */ = {
			isa = PBXContainerItemProxy;
			containerPortal = EFE546131E85C54F00A7B7B6 /* Project object */;
			proxyType = 1;
			remoteGlobalIDString = EFE5461A1E85C54F00A7B7B6;
			remoteInfo = ITrip;
		};
/* End PBXContainerItemProxy section */

/* Begin PBXFileReference section */
		107C50D91E85C03700FB85C0 /* View_Main.swift */ = {isa = PBXFileReference; fileEncoding = 4; lastKnownFileType = sourcecode.swift; path = View_Main.swift; sourceTree = "<group>"; };
		45983E46D2369B5BE1640872 /* Pods-ITrip.debug.xcconfig */ = {isa = PBXFileReference; includeInIndex = 1; lastKnownFileType = text.xcconfig; name = "Pods-ITrip.debug.xcconfig"; path = "Pods/Target Support Files/Pods-ITrip/Pods-ITrip.debug.xcconfig"; sourceTree = "<group>"; };
		59CB7AC3A303AE21EADD0152 /* Pods-ITrip.release.xcconfig */ = {isa = PBXFileReference; includeInIndex = 1; lastKnownFileType = text.xcconfig; name = "Pods-ITrip.release.xcconfig"; path = "Pods/Target Support Files/Pods-ITrip/Pods-ITrip.release.xcconfig"; sourceTree = "<group>"; };
		EC1DD4578826C93A9A4902BF /* Pods_ITrip.framework */ = {isa = PBXFileReference; explicitFileType = wrapper.framework; includeInIndex = 0; path = Pods_ITrip.framework; sourceTree = BUILT_PRODUCTS_DIR; };
		EFE5461B1E85C54F00A7B7B6 /* ITrip.app */ = {isa = PBXFileReference; explicitFileType = wrapper.application; includeInIndex = 0; path = ITrip.app; sourceTree = BUILT_PRODUCTS_DIR; };
		EFE5461E1E85C54F00A7B7B6 /* AppDelegate.swift */ = {isa = PBXFileReference; lastKnownFileType = sourcecode.swift; path = AppDelegate.swift; sourceTree = "<group>"; };
		EFE546201E85C54F00A7B7B6 /* Controller_Main.swift */ = {isa = PBXFileReference; lastKnownFileType = sourcecode.swift; path = Controller_Main.swift; sourceTree = "<group>"; };
		EFE546251E85C54F00A7B7B6 /* Assets.xcassets */ = {isa = PBXFileReference; lastKnownFileType = folder.assetcatalog; path = Assets.xcassets; sourceTree = "<group>"; };
		EFE546281E85C54F00A7B7B6 /* Base */ = {isa = PBXFileReference; lastKnownFileType = file.storyboard; name = Base; path = Base.lproj/LaunchScreen.storyboard; sourceTree = "<group>"; };
		EFE5462A1E85C54F00A7B7B6 /* Info.plist */ = {isa = PBXFileReference; lastKnownFileType = text.plist.xml; path = Info.plist; sourceTree = "<group>"; };
		EFE5462F1E85C54F00A7B7B6 /* ITripTests.xctest */ = {isa = PBXFileReference; explicitFileType = wrapper.cfbundle; includeInIndex = 0; path = ITripTests.xctest; sourceTree = BUILT_PRODUCTS_DIR; };
		EFE546331E85C54F00A7B7B6 /* ITripTests.swift */ = {isa = PBXFileReference; lastKnownFileType = sourcecode.swift; path = ITripTests.swift; sourceTree = "<group>"; };
		EFE546351E85C54F00A7B7B6 /* Info.plist */ = {isa = PBXFileReference; lastKnownFileType = text.plist.xml; path = Info.plist; sourceTree = "<group>"; };
		EFE5463A1E85C54F00A7B7B6 /* ITripUITests.xctest */ = {isa = PBXFileReference; explicitFileType = wrapper.cfbundle; includeInIndex = 0; path = ITripUITests.xctest; sourceTree = BUILT_PRODUCTS_DIR; };
		EFE5463E1E85C54F00A7B7B6 /* ITripUITests.swift */ = {isa = PBXFileReference; lastKnownFileType = sourcecode.swift; path = ITripUITests.swift; sourceTree = "<group>"; };
		EFE546401E85C54F00A7B7B6 /* Info.plist */ = {isa = PBXFileReference; lastKnownFileType = text.plist.xml; path = Info.plist; sourceTree = "<group>"; };
		EFE5464D1E85CA6E00A7B7B6 /* View_PlaceDetail.swift */ = {isa = PBXFileReference; fileEncoding = 4; lastKnownFileType = sourcecode.swift; path = View_PlaceDetail.swift; sourceTree = "<group>"; };
		EFE5464F1E85CA7F00A7B7B6 /* Controller_PlaceDetail.swift */ = {isa = PBXFileReference; fileEncoding = 4; lastKnownFileType = sourcecode.swift; path = Controller_PlaceDetail.swift; sourceTree = "<group>"; };
/* End PBXFileReference section */

/* Begin PBXFrameworksBuildPhase section */
		EFE546181E85C54F00A7B7B6 /* Frameworks */ = {
			isa = PBXFrameworksBuildPhase;
			buildActionMask = 2147483647;
			files = (
				5D89AAA7F7218E11BDB564EA /* Pods_ITrip.framework in Frameworks */,
			);
			runOnlyForDeploymentPostprocessing = 0;
		};
		EFE5462C1E85C54F00A7B7B6 /* Frameworks */ = {
			isa = PBXFrameworksBuildPhase;
			buildActionMask = 2147483647;
			files = (
			);
			runOnlyForDeploymentPostprocessing = 0;
		};
		EFE546371E85C54F00A7B7B6 /* Frameworks */ = {
			isa = PBXFrameworksBuildPhase;
			buildActionMask = 2147483647;
			files = (
			);
			runOnlyForDeploymentPostprocessing = 0;
		};
/* End PBXFrameworksBuildPhase section */

/* Begin PBXGroup section */
		107C50D81E85BFEE00FB85C0 /* Main */ = {
			isa = PBXGroup;
			children = (
				107C50D91E85C03700FB85C0 /* View_Main.swift */,
				EFE546201E85C54F00A7B7B6 /* Controller_Main.swift */,
			);
			name = Main;
			sourceTree = "<group>";
		};
		A0E84467AE4D7428B4DCB800 /* Frameworks */ = {
			isa = PBXGroup;
			children = (
				EC1DD4578826C93A9A4902BF /* Pods_ITrip.framework */,
			);
			name = Frameworks;
			sourceTree = "<group>";
		};
		C7B3B368D5D117E1D8BC82C8 /* Pods */ = {
			isa = PBXGroup;
			children = (
				45983E46D2369B5BE1640872 /* Pods-ITrip.debug.xcconfig */,
				59CB7AC3A303AE21EADD0152 /* Pods-ITrip.release.xcconfig */,
			);
			name = Pods;
			sourceTree = "<group>";
		};
		EFE546121E85C54F00A7B7B6 = {
			isa = PBXGroup;
			children = (
				EFE5461D1E85C54F00A7B7B6 /* ITrip */,
				EFE546321E85C54F00A7B7B6 /* ITripTests */,
				EFE5463D1E85C54F00A7B7B6 /* ITripUITests */,
				EFE5461C1E85C54F00A7B7B6 /* Products */,
				C7B3B368D5D117E1D8BC82C8 /* Pods */,
				A0E84467AE4D7428B4DCB800 /* Frameworks */,
			);
			sourceTree = "<group>";
		};
		EFE5461C1E85C54F00A7B7B6 /* Products */ = {
			isa = PBXGroup;
			children = (
				EFE5461B1E85C54F00A7B7B6 /* ITrip.app */,
				EFE5462F1E85C54F00A7B7B6 /* ITripTests.xctest */,
				EFE5463A1E85C54F00A7B7B6 /* ITripUITests.xctest */,
			);
			name = Products;
			sourceTree = "<group>";
		};
		EFE5461D1E85C54F00A7B7B6 /* ITrip */ = {
			isa = PBXGroup;
			children = (
				107C50D81E85BFEE00FB85C0 /* Main */,
				EFE5464C1E85CA4000A7B7B6 /* PlaceDetail */,
				EFE5461E1E85C54F00A7B7B6 /* AppDelegate.swift */,
				EFE546251E85C54F00A7B7B6 /* Assets.xcassets */,
				EFE546271E85C54F00A7B7B6 /* LaunchScreen.storyboard */,
				EFE5462A1E85C54F00A7B7B6 /* Info.plist */,
			);
			path = ITrip;
			sourceTree = "<group>";
		};
		EFE546321E85C54F00A7B7B6 /* ITripTests */ = {
			isa = PBXGroup;
			children = (
				EFE546331E85C54F00A7B7B6 /* ITripTests.swift */,
				EFE546351E85C54F00A7B7B6 /* Info.plist */,
			);
			path = ITripTests;
			sourceTree = "<group>";
		};
		EFE5463D1E85C54F00A7B7B6 /* ITripUITests */ = {
			isa = PBXGroup;
			children = (
				EFE5463E1E85C54F00A7B7B6 /* ITripUITests.swift */,
				EFE546401E85C54F00A7B7B6 /* Info.plist */,
			);
			path = ITripUITests;
			sourceTree = "<group>";
		};
		EFE5464C1E85CA4000A7B7B6 /* PlaceDetail */ = {
			isa = PBXGroup;
			children = (
				EFE5464D1E85CA6E00A7B7B6 /* View_PlaceDetail.swift */,
				EFE5464F1E85CA7F00A7B7B6 /* Controller_PlaceDetail.swift */,
			);
			name = PlaceDetail;
			sourceTree = "<group>";
		};
/* End PBXGroup section */

/* Begin PBXNativeTarget section */
		EFE5461A1E85C54F00A7B7B6 /* ITrip */ = {
			isa = PBXNativeTarget;
			buildConfigurationList = EFE546431E85C54F00A7B7B6 /* Build configuration list for PBXNativeTarget "ITrip" */;
			buildPhases = (
				57CDA237BEF55270845D2FCF /* [CP] Check Pods Manifest.lock */,
				EFE546171E85C54F00A7B7B6 /* Sources */,
				EFE546181E85C54F00A7B7B6 /* Frameworks */,
				EFE546191E85C54F00A7B7B6 /* Resources */,
				FC9D522125EA9BF21DCB088A /* [CP] Embed Pods Frameworks */,
				ED5E6F2DD2841FDC21B48092 /* [CP] Copy Pods Resources */,
			);
			buildRules = (
			);
			dependencies = (
			);
			name = ITrip;
			productName = ITrip;
			productReference = EFE5461B1E85C54F00A7B7B6 /* ITrip.app */;
			productType = "com.apple.product-type.application";
		};
		EFE5462E1E85C54F00A7B7B6 /* ITripTests */ = {
			isa = PBXNativeTarget;
			buildConfigurationList = EFE546461E85C54F00A7B7B6 /* Build configuration list for PBXNativeTarget "ITripTests" */;
			buildPhases = (
				EFE5462B1E85C54F00A7B7B6 /* Sources */,
				EFE5462C1E85C54F00A7B7B6 /* Frameworks */,
				EFE5462D1E85C54F00A7B7B6 /* Resources */,
			);
			buildRules = (
			);
			dependencies = (
				EFE546311E85C54F00A7B7B6 /* PBXTargetDependency */,
			);
			name = ITripTests;
			productName = ITripTests;
			productReference = EFE5462F1E85C54F00A7B7B6 /* ITripTests.xctest */;
			productType = "com.apple.product-type.bundle.unit-test";
		};
		EFE546391E85C54F00A7B7B6 /* ITripUITests */ = {
			isa = PBXNativeTarget;
			buildConfigurationList = EFE546491E85C54F00A7B7B6 /* Build configuration list for PBXNativeTarget "ITripUITests" */;
			buildPhases = (
				EFE546361E85C54F00A7B7B6 /* Sources */,
				EFE546371E85C54F00A7B7B6 /* Frameworks */,
				EFE546381E85C54F00A7B7B6 /* Resources */,
			);
			buildRules = (
			);
			dependencies = (
				EFE5463C1E85C54F00A7B7B6 /* PBXTargetDependency */,
			);
			name = ITripUITests;
			productName = ITripUITests;
			productReference = EFE5463A1E85C54F00A7B7B6 /* ITripUITests.xctest */;
			productType = "com.apple.product-type.bundle.ui-testing";
		};
/* End PBXNativeTarget section */

/* Begin PBXProject section */
		EFE546131E85C54F00A7B7B6 /* Project object */ = {
			isa = PBXProject;
			attributes = {
				LastSwiftUpdateCheck = 0730;
				LastUpgradeCheck = 0730;
				ORGANIZATIONNAME = "Özgün";
				TargetAttributes = {
					EFE5461A1E85C54F00A7B7B6 = {
						CreatedOnToolsVersion = 7.3.1;
					};
					EFE5462E1E85C54F00A7B7B6 = {
						CreatedOnToolsVersion = 7.3.1;
						TestTargetID = EFE5461A1E85C54F00A7B7B6;
					};
					EFE546391E85C54F00A7B7B6 = {
						CreatedOnToolsVersion = 7.3.1;
						TestTargetID = EFE5461A1E85C54F00A7B7B6;
					};
				};
			};
			buildConfigurationList = EFE546161E85C54F00A7B7B6 /* Build configuration list for PBXProject "ITrip" */;
			compatibilityVersion = "Xcode 3.2";
			developmentRegion = English;
			hasScannedForEncodings = 0;
			knownRegions = (
				en,
				Base,
			);
			mainGroup = EFE546121E85C54F00A7B7B6;
			productRefGroup = EFE5461C1E85C54F00A7B7B6 /* Products */;
			projectDirPath = "";
			projectRoot = "";
			targets = (
				EFE5461A1E85C54F00A7B7B6 /* ITrip */,
				EFE5462E1E85C54F00A7B7B6 /* ITripTests */,
				EFE546391E85C54F00A7B7B6 /* ITripUITests */,
			);
		};
/* End PBXProject section */

/* Begin PBXResourcesBuildPhase section */
		EFE546191E85C54F00A7B7B6 /* Resources */ = {
			isa = PBXResourcesBuildPhase;
			buildActionMask = 2147483647;
			files = (
				EFE546291E85C54F00A7B7B6 /* LaunchScreen.storyboard in Resources */,
				EFE546261E85C54F00A7B7B6 /* Assets.xcassets in Resources */,
			);
			runOnlyForDeploymentPostprocessing = 0;
		};
		EFE5462D1E85C54F00A7B7B6 /* Resources */ = {
			isa = PBXResourcesBuildPhase;
			buildActionMask = 2147483647;
			files = (
			);
			runOnlyForDeploymentPostprocessing = 0;
		};
		EFE546381E85C54F00A7B7B6 /* Resources */ = {
			isa = PBXResourcesBuildPhase;
			buildActionMask = 2147483647;
			files = (
			);
			runOnlyForDeploymentPostprocessing = 0;
		};
/* End PBXResourcesBuildPhase section */

/* Begin PBXShellScriptBuildPhase section */
		57CDA237BEF55270845D2FCF /* [CP] Check Pods Manifest.lock */ = {
			isa = PBXShellScriptBuildPhase;
			buildActionMask = 2147483647;
			files = (
			);
			inputPaths = (
			);
			name = "[CP] Check Pods Manifest.lock";
			outputPaths = (
			);
			runOnlyForDeploymentPostprocessing = 0;
			shellPath = /bin/sh;
			shellScript = "diff \"${PODS_ROOT}/../Podfile.lock\" \"${PODS_ROOT}/Manifest.lock\" > /dev/null\nif [[ $? != 0 ]] ; then\n    cat << EOM\nerror: The sandbox is not in sync with the Podfile.lock. Run 'pod install' or update your CocoaPods installation.\nEOM\n    exit 1\nfi\n";
			showEnvVarsInLog = 0;
		};
		ED5E6F2DD2841FDC21B48092 /* [CP] Copy Pods Resources */ = {
			isa = PBXShellScriptBuildPhase;
			buildActionMask = 2147483647;
			files = (
			);
			inputPaths = (
			);
			name = "[CP] Copy Pods Resources";
			outputPaths = (
			);
			runOnlyForDeploymentPostprocessing = 0;
			shellPath = /bin/sh;
			shellScript = "\"${SRCROOT}/Pods/Target Support Files/Pods-ITrip/Pods-ITrip-resources.sh\"\n";
			showEnvVarsInLog = 0;
		};
		FC9D522125EA9BF21DCB088A /* [CP] Embed Pods Frameworks */ = {
			isa = PBXShellScriptBuildPhase;
			buildActionMask = 2147483647;
			files = (
			);
			inputPaths = (
			);
			name = "[CP] Embed Pods Frameworks";
			outputPaths = (
			);
			runOnlyForDeploymentPostprocessing = 0;
			shellPath = /bin/sh;
			shellScript = "\"${SRCROOT}/Pods/Target Support Files/Pods-ITrip/Pods-ITrip-frameworks.sh\"\n";
			showEnvVarsInLog = 0;
		};
/* End PBXShellScriptBuildPhase section */

/* Begin PBXSourcesBuildPhase section */
		EFE546171E85C54F00A7B7B6 /* Sources */ = {
			isa = PBXSourcesBuildPhase;
			buildActionMask = 2147483647;
			files = (
				EFE5464E1E85CA6E00A7B7B6 /* View_PlaceDetail.swift in Sources */,
				EFE546211E85C54F00A7B7B6 /* Controller_Main.swift in Sources */,
				EFE546501E85CA7F00A7B7B6 /* Controller_PlaceDetail.swift in Sources */,
				EFE5461F1E85C54F00A7B7B6 /* AppDelegate.swift in Sources */,
				107C50DA1E85C03700FB85C0 /* View_Main.swift in Sources */,
			);
			runOnlyForDeploymentPostprocessing = 0;
		};
		EFE5462B1E85C54F00A7B7B6 /* Sources */ = {
			isa = PBXSourcesBuildPhase;
			buildActionMask = 2147483647;
			files = (
				EFE546341E85C54F00A7B7B6 /* ITripTests.swift in Sources */,
			);
			runOnlyForDeploymentPostprocessing = 0;
		};
		EFE546361E85C54F00A7B7B6 /* Sources */ = {
			isa = PBXSourcesBuildPhase;
			buildActionMask = 2147483647;
			files = (
				EFE5463F1E85C54F00A7B7B6 /* ITripUITests.swift in Sources */,
			);
			runOnlyForDeploymentPostprocessing = 0;
		};
/* End PBXSourcesBuildPhase section */

/* Begin PBXTargetDependency section */
		EFE546311E85C54F00A7B7B6 /* PBXTargetDependency */ = {
			isa = PBXTargetDependency;
			target = EFE5461A1E85C54F00A7B7B6 /* ITrip */;
			targetProxy = EFE546301E85C54F00A7B7B6 /* PBXContainerItemProxy */;
		};
		EFE5463C1E85C54F00A7B7B6 /* PBXTargetDependency */ = {
			isa = PBXTargetDependency;
			target = EFE5461A1E85C54F00A7B7B6 /* ITrip */;
			targetProxy = EFE5463B1E85C54F00A7B7B6 /* PBXContainerItemProxy */;
		};
/* End PBXTargetDependency section */

/* Begin PBXVariantGroup section */
		EFE546271E85C54F00A7B7B6 /* LaunchScreen.storyboard */ = {
			isa = PBXVariantGroup;
			children = (
				EFE546281E85C54F00A7B7B6 /* Base */,
			);
			name = LaunchScreen.storyboard;
			sourceTree = "<group>";
		};
/* End PBXVariantGroup section */

/* Begin XCBuildConfiguration section */
		EFE546411E85C54F00A7B7B6 /* Debug */ = {
			isa = XCBuildConfiguration;
			buildSettings = {
				ALWAYS_SEARCH_USER_PATHS = NO;
				CLANG_ANALYZER_NONNULL = YES;
				CLANG_CXX_LANGUAGE_STANDARD = "gnu++0x";
				CLANG_CXX_LIBRARY = "libc++";
				CLANG_ENABLE_MODULES = YES;
				CLANG_ENABLE_OBJC_ARC = YES;
				CLANG_WARN_BOOL_CONVERSION = YES;
				CLANG_WARN_CONSTANT_CONVERSION = YES;
				CLANG_WARN_DIRECT_OBJC_ISA_USAGE = YES_ERROR;
				CLANG_WARN_EMPTY_BODY = YES;
				CLANG_WARN_ENUM_CONVERSION = YES;
				CLANG_WARN_INT_CONVERSION = YES;
				CLANG_WARN_OBJC_ROOT_CLASS = YES_ERROR;
				CLANG_WARN_UNREACHABLE_CODE = YES;
				CLANG_WARN__DUPLICATE_METHOD_MATCH = YES;
				"CODE_SIGN_IDENTITY[sdk=iphoneos*]" = "iPhone Developer";
				COPY_PHASE_STRIP = NO;
				DEBUG_INFORMATION_FORMAT = dwarf;
				ENABLE_STRICT_OBJC_MSGSEND = YES;
				ENABLE_TESTABILITY = YES;
				GCC_C_LANGUAGE_STANDARD = gnu99;
				GCC_DYNAMIC_NO_PIC = NO;
				GCC_NO_COMMON_BLOCKS = YES;
				GCC_OPTIMIZATION_LEVEL = 0;
				GCC_PREPROCESSOR_DEFINITIONS = (
					"DEBUG=1",
					"$(inherited)",
				);
				GCC_WARN_64_TO_32_BIT_CONVERSION = YES;
				GCC_WARN_ABOUT_RETURN_TYPE = YES_ERROR;
				GCC_WARN_UNDECLARED_SELECTOR = YES;
				GCC_WARN_UNINITIALIZED_AUTOS = YES_AGGRESSIVE;
				GCC_WARN_UNUSED_FUNCTION = YES;
				GCC_WARN_UNUSED_VARIABLE = YES;
				IPHONEOS_DEPLOYMENT_TARGET = 9.3;
				MTL_ENABLE_DEBUG_INFO = YES;
				ONLY_ACTIVE_ARCH = YES;
				SDKROOT = iphoneos;
				SWIFT_OPTIMIZATION_LEVEL = "-Onone";
			};
			name = Debug;
		};
		EFE546421E85C54F00A7B7B6 /* Release */ = {
			isa = XCBuildConfiguration;
			buildSettings = {
				ALWAYS_SEARCH_USER_PATHS = NO;
				CLANG_ANALYZER_NONNULL = YES;
				CLANG_CXX_LANGUAGE_STANDARD = "gnu++0x";
				CLANG_CXX_LIBRARY = "libc++";
				CLANG_ENABLE_MODULES = YES;
				CLANG_ENABLE_OBJC_ARC = YES;
				CLANG_WARN_BOOL_CONVERSION = YES;
				CLANG_WARN_CONSTANT_CONVERSION = YES;
				CLANG_WARN_DIRECT_OBJC_ISA_USAGE = YES_ERROR;
				CLANG_WARN_EMPTY_BODY = YES;
				CLANG_WARN_ENUM_CONVERSION = YES;
				CLANG_WARN_INT_CONVERSION = YES;
				CLANG_WARN_OBJC_ROOT_CLASS = YES_ERROR;
				CLANG_WARN_UNREACHABLE_CODE = YES;
				CLANG_WARN__DUPLICATE_METHOD_MATCH = YES;
				"CODE_SIGN_IDENTITY[sdk=iphoneos*]" = "iPhone Developer";
				COPY_PHASE_STRIP = NO;
				DEBUG_INFORMATION_FORMAT = "dwarf-with-dsym";
				ENABLE_NS_ASSERTIONS = NO;
				ENABLE_STRICT_OBJC_MSGSEND = YES;
				GCC_C_LANGUAGE_STANDARD = gnu99;
				GCC_NO_COMMON_BLOCKS = YES;
				GCC_WARN_64_TO_32_BIT_CONVERSION = YES;
				GCC_WARN_ABOUT_RETURN_TYPE = YES_ERROR;
				GCC_WARN_UNDECLARED_SELECTOR = YES;
				GCC_WARN_UNINITIALIZED_AUTOS = YES_AGGRESSIVE;
				GCC_WARN_UNUSED_FUNCTION = YES;
				GCC_WARN_UNUSED_VARIABLE = YES;
				IPHONEOS_DEPLOYMENT_TARGET = 9.3;
				MTL_ENABLE_DEBUG_INFO = NO;
				SDKROOT = iphoneos;
				VALIDATE_PRODUCT = YES;
			};
			name = Release;
		};
		EFE546441E85C54F00A7B7B6 /* Debug */ = {
			isa = XCBuildConfiguration;
			baseConfigurationReference = 45983E46D2369B5BE1640872 /* Pods-ITrip.debug.xcconfig */;
			buildSettings = {
				ASSETCATALOG_COMPILER_APPICON_NAME = AppIcon;
				INFOPLIST_FILE = ITrip/Info.plist;
				LD_RUNPATH_SEARCH_PATHS = "$(inherited) @executable_path/Frameworks";
				PRODUCT_BUNDLE_IDENTIFIER = com.ooe.ITrip;
				PRODUCT_NAME = "$(TARGET_NAME)";
			};
			name = Debug;
		};
		EFE546451E85C54F00A7B7B6 /* Release */ = {
			isa = XCBuildConfiguration;
			baseConfigurationReference = 59CB7AC3A303AE21EADD0152 /* Pods-ITrip.release.xcconfig */;
			buildSettings = {
				ASSETCATALOG_COMPILER_APPICON_NAME = AppIcon;
				INFOPLIST_FILE = ITrip/Info.plist;
				LD_RUNPATH_SEARCH_PATHS = "$(inherited) @executable_path/Frameworks";
				PRODUCT_BUNDLE_IDENTIFIER = com.ooe.ITrip;
				PRODUCT_NAME = "$(TARGET_NAME)";
			};
			name = Release;
		};
		EFE546471E85C54F00A7B7B6 /* Debug */ = {
			isa = XCBuildConfiguration;
			buildSettings = {
				BUNDLE_LOADER = "$(TEST_HOST)";
				INFOPLIST_FILE = ITripTests/Info.plist;
				LD_RUNPATH_SEARCH_PATHS = "$(inherited) @executable_path/Frameworks @loader_path/Frameworks";
				PRODUCT_BUNDLE_IDENTIFIER = com.ooe.ITripTests;
				PRODUCT_NAME = "$(TARGET_NAME)";
				TEST_HOST = "$(BUILT_PRODUCTS_DIR)/ITrip.app/ITrip";
			};
			name = Debug;
		};
		EFE546481E85C54F00A7B7B6 /* Release */ = {
			isa = XCBuildConfiguration;
			buildSettings = {
				BUNDLE_LOADER = "$(TEST_HOST)";
				INFOPLIST_FILE = ITripTests/Info.plist;
				LD_RUNPATH_SEARCH_PATHS = "$(inherited) @executable_path/Frameworks @loader_path/Frameworks";
				PRODUCT_BUNDLE_IDENTIFIER = com.ooe.ITripTests;
				PRODUCT_NAME = "$(TARGET_NAME)";
				TEST_HOST = "$(BUILT_PRODUCTS_DIR)/ITrip.app/ITrip";
			};
			name = Release;
		};
		EFE5464A1E85C54F00A7B7B6 /* Debug */ = {
			isa = XCBuildConfiguration;
			buildSettings = {
				INFOPLIST_FILE = ITripUITests/Info.plist;
				LD_RUNPATH_SEARCH_PATHS = "$(inherited) @executable_path/Frameworks @loader_path/Frameworks";
				PRODUCT_BUNDLE_IDENTIFIER = com.ooe.ITripUITests;
				PRODUCT_NAME = "$(TARGET_NAME)";
				TEST_TARGET_NAME = ITrip;
			};
			name = Debug;
		};
		EFE5464B1E85C54F00A7B7B6 /* Release */ = {
			isa = XCBuildConfiguration;
			buildSettings = {
				INFOPLIST_FILE = ITripUITests/Info.plist;
				LD_RUNPATH_SEARCH_PATHS = "$(inherited) @executable_path/Frameworks @loader_path/Frameworks";
				PRODUCT_BUNDLE_IDENTIFIER = com.ooe.ITripUITests;
				PRODUCT_NAME = "$(TARGET_NAME)";
				TEST_TARGET_NAME = ITrip;
			};
			name = Release;
		};
/* End XCBuildConfiguration section */

/* Begin XCConfigurationList section */
		EFE546161E85C54F00A7B7B6 /* Build configuration list for PBXProject "ITrip" */ = {
			isa = XCConfigurationList;
			buildConfigurations = (
				EFE546411E85C54F00A7B7B6 /* Debug */,
				EFE546421E85C54F00A7B7B6 /* Release */,
			);
			defaultConfigurationIsVisible = 0;
			defaultConfigurationName = Release;
		};
		EFE546431E85C54F00A7B7B6 /* Build configuration list for PBXNativeTarget "ITrip" */ = {
			isa = XCConfigurationList;
			buildConfigurations = (
				EFE546441E85C54F00A7B7B6 /* Debug */,
				EFE546451E85C54F00A7B7B6 /* Release */,
			);
			defaultConfigurationIsVisible = 0;
			defaultConfigurationName = Release;
		};
		EFE546461E85C54F00A7B7B6 /* Build configuration list for PBXNativeTarget "ITripTests" */ = {
			isa = XCConfigurationList;
			buildConfigurations = (
				EFE546471E85C54F00A7B7B6 /* Debug */,
				EFE546481E85C54F00A7B7B6 /* Release */,
			);
			defaultConfigurationIsVisible = 0;
			defaultConfigurationName = Release;
		};
		EFE546491E85C54F00A7B7B6 /* Build configuration list for PBXNativeTarget "ITripUITests" */ = {
			isa = XCConfigurationList;
			buildConfigurations = (
				EFE5464A1E85C54F00A7B7B6 /* Debug */,
				EFE5464B1E85C54F00A7B7B6 /* Release */,
			);
			defaultConfigurationIsVisible = 0;
			defaultConfigurationName = Release;
		};
/* End XCConfigurationList section */
	};
	rootObject = EFE546131E85C54F00A7B7B6 /* Project object */;
}
